
Microsoft Visual Studio Solution File, Format Version 12.00
# Visual Studio Version 17
VisualStudioVersion = 17.9.34622.214
MinimumVisualStudioVersion = 10.0.40219.1
Project("{FAE04EC0-301F-11D3-BF4B-00C04F79EFBC}") = "zoologicheskata gradina na nersan i stefani", "zoologicheskata gradina na nersan i stefani\zoologicheskata gradina na nersan i stefani.csproj", "{49BA8C6A-812D-4917-B1E2-D30BB113C366}"
EndProject
Global
	GlobalSection(SolutionConfigurationPlatforms) = preSolution
		Debug|Any CPU = Debug|Any CPU
		Release|Any CPU = Release|Any CPU
	EndGlobalSection
	GlobalSection(ProjectConfigurationPlatforms) = postSolution
		{49BA8C6A-812D-4917-B1E2-D30BB113C366}.Debug|Any CPU.ActiveCfg = Debug|Any CPU
		{49BA8C6A-812D-4917-B1E2-D30BB113C366}.Debug|Any CPU.Build.0 = Debug|Any CPU
		{49BA8C6A-812D-4917-B1E2-D30BB113C366}.Release|Any CPU.ActiveCfg = Release|Any CPU
		{49BA8C6A-812D-4917-B1E2-D30BB113C366}.Release|Any CPU.Build.0 = Release|Any CPU
	EndGlobalSection
	GlobalSection(SolutionProperties) = preSolution
		HideSolutionNode = FALSE
	EndGlobalSection
	GlobalSection(ExtensibilityGlobals) = postSolution
		SolutionGuid = {718DED4C-D88A-42FF-BBAB-88F744814B8B}
	EndGlobalSection
EndGlobal
